// !$*UTF8*$!
{
	archiveVersion = 1;
	classes = {
	};
	objectVersion = 51;
	objects = {

/* Begin PBXBuildFile section */
		5186F47A22F4233C00BDC63A /* PDHttp.swift in Sources */ = {isa = PBXBuildFile; fileRef = 5186F47922F4233C00BDC63A /* PDHttp.swift */; };
		711F22FB212A38C700C286A8 /* AppDelegate.swift in Sources */ = {isa = PBXBuildFile; fileRef = 711F22FA212A38C700C286A8 /* AppDelegate.swift */; };
		711F22FD212A38C700C286A8 /* ViewController.swift in Sources */ = {isa = PBXBuildFile; fileRef = 711F22FC212A38C700C286A8 /* ViewController.swift */; };
		711F2300212A38C700C286A8 /* Main.storyboard in Resources */ = {isa = PBXBuildFile; fileRef = 711F22FE212A38C700C286A8 /* Main.storyboard */; };
		711F2302212A38C900C286A8 /* Assets.xcassets in Resources */ = {isa = PBXBuildFile; fileRef = 711F2301212A38C900C286A8 /* Assets.xcassets */; };
		711F2305212A38C900C286A8 /* LaunchScreen.storyboard in Resources */ = {isa = PBXBuildFile; fileRef = 711F2303212A38C900C286A8 /* LaunchScreen.storyboard */; };
		711F230D212A43CF00C286A8 /* FruitClassifier.mlmodel in Sources */ = {isa = PBXBuildFile; fileRef = 711F230C212A43CF00C286A8 /* FruitClassifier.mlmodel */; };
		FE2121D4335C3B4AC782D8C7 /* Pods_FruitSalad.framework in Frameworks */ = {isa = PBXBuildFile; fileRef = 7B2604195FEE2552A436C7FB /* Pods_FruitSalad.framework */; };
/* End PBXBuildFile section */

/* Begin PBXFileReference section */
		0363868317D33C70D708D728 /* Pods-FruitSalad.release.xcconfig */ = {isa = PBXFileReference; includeInIndex = 1; lastKnownFileType = text.xcconfig; name = "Pods-FruitSalad.release.xcconfig"; path = "Target Support Files/Pods-FruitSalad/Pods-FruitSalad.release.xcconfig"; sourceTree = "<group>"; };
		5186F47922F4233C00BDC63A /* PDHttp.swift */ = {isa = PBXFileReference; lastKnownFileType = sourcecode.swift; path = PDHttp.swift; sourceTree = "<group>"; };
		711F22F7212A38C700C286A8 /* FruitVeg.app */ = {isa = PBXFileReference; explicitFileType = wrapper.application; includeInIndex = 0; path = FruitVeg.app; sourceTree = BUILT_PRODUCTS_DIR; };
		711F22FA212A38C700C286A8 /* AppDelegate.swift */ = {isa = PBXFileReference; lastKnownFileType = sourcecode.swift; path = AppDelegate.swift; sourceTree = "<group>"; };
		711F22FC212A38C700C286A8 /* ViewController.swift */ = {isa = PBXFileReference; lastKnownFileType = sourcecode.swift; path = ViewController.swift; sourceTree = "<group>"; };
		711F22FF212A38C700C286A8 /* Base */ = {isa = PBXFileReference; lastKnownFileType = file.storyboard; name = Base; path = Base.lproj/Main.storyboard; sourceTree = "<group>"; };
		711F2301212A38C900C286A8 /* Assets.xcassets */ = {isa = PBXFileReference; lastKnownFileType = folder.assetcatalog; path = Assets.xcassets; sourceTree = "<group>"; };
		711F2304212A38C900C286A8 /* Base */ = {isa = PBXFileReference; lastKnownFileType = file.storyboard; name = Base; path = Base.lproj/LaunchScreen.storyboard; sourceTree = "<group>"; };
		711F2306212A38C900C286A8 /* Info.plist */ = {isa = PBXFileReference; lastKnownFileType = text.plist.xml; path = Info.plist; sourceTree = "<group>"; };
		711F230C212A43CF00C286A8 /* FruitClassifier.mlmodel */ = {isa = PBXFileReference; lastKnownFileType = file.mlmodel; path = FruitClassifier.mlmodel; sourceTree = "<group>"; };
		7B2604195FEE2552A436C7FB /* Pods_FruitSalad.framework */ = {isa = PBXFileReference; explicitFileType = wrapper.framework; includeInIndex = 0; path = Pods_FruitSalad.framework; sourceTree = BUILT_PRODUCTS_DIR; };
		F8F0DBDE8F65C69F9928438A /* Pods-FruitSalad.debug.xcconfig */ = {isa = PBXFileReference; includeInIndex = 1; lastKnownFileType = text.xcconfig; name = "Pods-FruitSalad.debug.xcconfig"; path = "Target Support Files/Pods-FruitSalad/Pods-FruitSalad.debug.xcconfig"; sourceTree = "<group>"; };
/* End PBXFileReference section */

/* Begin PBXFrameworksBuildPhase section */
		711F22F4212A38C700C286A8 /* Frameworks */ = {
			isa = PBXFrameworksBuildPhase;
			buildActionMask = 2147483647;
			files = (
				FE2121D4335C3B4AC782D8C7 /* Pods_FruitSalad.framework in Frameworks */,
			);
			runOnlyForDeploymentPostprocessing = 0;
		};
/* End PBXFrameworksBuildPhase section */

/* Begin PBXGroup section */
		711F22EE212A38C700C286A8 = {
			isa = PBXGroup;
			children = (
				711F22F9212A38C700C286A8 /* FruitSalad */,
				711F22F8212A38C700C286A8 /* Products */,
				DA0E2589B73C722796C86CE5 /* Pods */,
				FB17D272EFA0E55384530BF4 /* Frameworks */,
			);
			sourceTree = "<group>";
		};
		711F22F8212A38C700C286A8 /* Products */ = {
			isa = PBXGroup;
			children = (
				711F22F7212A38C700C286A8 /* FruitVeg.app */,
			);
			name = Products;
			sourceTree = "<group>";
		};
		711F22F9212A38C700C286A8 /* FruitSalad */ = {
			isa = PBXGroup;
			children = (
				711F230C212A43CF00C286A8 /* FruitClassifier.mlmodel */,
				5186F47922F4233C00BDC63A /* PDHttp.swift */,
				711F22FA212A38C700C286A8 /* AppDelegate.swift */,
				711F22FC212A38C700C286A8 /* ViewController.swift */,
				711F22FE212A38C700C286A8 /* Main.storyboard */,
				711F2301212A38C900C286A8 /* Assets.xcassets */,
				711F2303212A38C900C286A8 /* LaunchScreen.storyboard */,
				711F2306212A38C900C286A8 /* Info.plist */,
			);
			path = FruitSalad;
			sourceTree = "<group>";
		};
		DA0E2589B73C722796C86CE5 /* Pods */ = {
			isa = PBXGroup;
			children = (
				F8F0DBDE8F65C69F9928438A /* Pods-FruitSalad.debug.xcconfig */,
				0363868317D33C70D708D728 /* Pods-FruitSalad.release.xcconfig */,
			);
			path = Pods;
			sourceTree = "<group>";
		};
		FB17D272EFA0E55384530BF4 /* Frameworks */ = {
			isa = PBXGroup;
			children = (
				7B2604195FEE2552A436C7FB /* Pods_FruitSalad.framework */,
			);
			name = Frameworks;
			sourceTree = "<group>";
		};
/* End PBXGroup section */

/* Begin PBXNativeTarget section */
		711F22F6212A38C700C286A8 /* FruitSalad */ = {
			isa = PBXNativeTarget;
			buildConfigurationList = 711F2309212A38C900C286A8 /* Build configuration list for PBXNativeTarget "FruitSalad" */;
			buildPhases = (
				A48E4E925EB0D3DE86652983 /* [CP] Check Pods Manifest.lock */,
				711F22F3212A38C700C286A8 /* Sources */,
				711F22F4212A38C700C286A8 /* Frameworks */,
				711F22F5212A38C700C286A8 /* Resources */,
				9C7BE3A773FF01974C972DC8 /* [CP] Embed Pods Frameworks */,
			);
			buildRules = (
			);
			dependencies = (
			);
			name = FruitSalad;
			productName = FruitSalad;
			productReference = 711F22F7212A38C700C286A8 /* FruitVeg.app */;
			productType = "com.apple.product-type.application";
		};
/* End PBXNativeTarget section */

/* Begin PBXProject section */
		711F22EF212A38C700C286A8 /* Project object */ = {
			isa = PBXProject;
			attributes = {
				LastSwiftUpdateCheck = 1000;
				LastUpgradeCheck = 1000;
				ORGANIZATIONNAME = "Caleb Stultz";
				TargetAttributes = {
					711F22F6212A38C700C286A8 = {
						CreatedOnToolsVersion = 10.0;
					};
				};
			};
			buildConfigurationList = 711F22F2212A38C700C286A8 /* Build configuration list for PBXProject "FruitSalad" */;
			compatibilityVersion = "Xcode 9.3";
			developmentRegion = en;
			hasScannedForEncodings = 0;
			knownRegions = (
				en,
				Base,
			);
			mainGroup = 711F22EE212A38C700C286A8;
			productRefGroup = 711F22F8212A38C700C286A8 /* Products */;
			projectDirPath = "";
			projectRoot = "";
			targets = (
				711F22F6212A38C700C286A8 /* FruitSalad */,
			);
		};
/* End PBXProject section */

/* Begin PBXResourcesBuildPhase section */
		711F22F5212A38C700C286A8 /* Resources */ = {
			isa = PBXResourcesBuildPhase;
			buildActionMask = 2147483647;
			files = (
				711F2305212A38C900C286A8 /* LaunchScreen.storyboard in Resources */,
				711F2302212A38C900C286A8 /* Assets.xcassets in Resources */,
				711F2300212A38C700C286A8 /* Main.storyboard in Resources */,
			);
			runOnlyForDeploymentPostprocessing = 0;
		};
/* End PBXResourcesBuildPhase section */

/* Begin PBXShellScriptBuildPhase section */
		9C7BE3A773FF01974C972DC8 /* [CP] Embed Pods Frameworks */ = {
			isa = PBXShellScriptBuildPhase;
			buildActionMask = 2147483647;
			files = (
			);
			inputFileListPaths = (
				"${PODS_ROOT}/Target Support Files/Pods-FruitSalad/Pods-FruitSalad-frameworks-${CONFIGURATION}-input-files.xcfilelist",
			);
			name = "[CP] Embed Pods Frameworks";
			outputFileListPaths = (
				"${PODS_ROOT}/Target Support Files/Pods-FruitSalad/Pods-FruitSalad-frameworks-${CONFIGURATION}-output-files.xcfilelist",
			);
			runOnlyForDeploymentPostprocessing = 0;
			shellPath = /bin/sh;
			shellScript = "\"${PODS_ROOT}/Target Support Files/Pods-FruitSalad/Pods-FruitSalad-frameworks.sh\"\n";
			showEnvVarsInLog = 0;
		};
		A48E4E925EB0D3DE86652983 /* [CP] Check Pods Manifest.lock */ = {
			isa = PBXShellScriptBuildPhase;
			buildActionMask = 2147483647;
			files = (
			);
			inputFileListPaths = (
			);
			inputPaths = (
				"${PODS_PODFILE_DIR_PATH}/Podfile.lock",
				"${PODS_ROOT}/Manifest.lock",
			);
			name = "[CP] Check Pods Manifest.lock";
			outputFileListPaths = (
			);
			outputPaths = (
				"$(DERIVED_FILE_DIR)/Pods-FruitSalad-checkManifestLockResult.txt",
			);
			runOnlyForDeploymentPostprocessing = 0;
			shellPath = /bin/sh;
			shellScript = "diff \"${PODS_PODFILE_DIR_PATH}/Podfile.lock\" \"${PODS_ROOT}/Manifest.lock\" > /dev/null\nif [ $? != 0 ] ; then\n    # print error to STDERR\n    echo \"error: The sandbox is not in sync with the Podfile.lock. Run 'pod install' or update your CocoaPods installation.\" >&2\n    exit 1\nfi\n# This output is used by Xcode 'outputs' to avoid re-running this script phase.\necho \"SUCCESS\" > \"${SCRIPT_OUTPUT_FILE_0}\"\n";
			showEnvVarsInLog = 0;
		};
/* End PBXShellScriptBuildPhase section */

/* Begin PBXSourcesBuildPhase section */
		711F22F3212A38C700C286A8 /* Sources */ = {
			isa = PBXSourcesBuildPhase;
			buildActionMask = 2147483647;
			files = (
				5186F47A22F4233C00BDC63A /* PDHttp.swift in Sources */,
				711F230D212A43CF00C286A8 /* FruitClassifier.mlmodel in Sources */,
				711F22FD212A38C700C286A8 /* ViewController.swift in Sources */,
				711F22FB212A38C700C286A8 /* AppDelegate.swift in Sources */,
			);
			runOnlyForDeploymentPostprocessing = 0;
		};
/* End PBXSourcesBuildPhase section */

/* Begin PBXVariantGroup section */
		711F22FE212A38C700C286A8 /* Main.storyboard */ = {
			isa = PBXVariantGroup;
			children = (
				711F22FF212A38C700C286A8 /* Base */,
			);
			name = Main.storyboard;
			sourceTree = "<group>";
		};
		711F2303212A38C900C286A8 /* LaunchScreen.storyboard */ = {
			isa = PBXVariantGroup;
			children = (
				711F2304212A38C900C286A8 /* Base */,
			);
			name = LaunchScreen.storyboard;
			sourceTree = "<group>";
		};
/* End PBXVariantGroup section */

/* Begin XCBuildConfiguration section */
		711F2307212A38C900C286A8 /* Debug */ = {
			isa = XCBuildConfiguration;
			buildSettings = {
				ALWAYS_SEARCH_USER_PATHS = NO;
				CLANG_ANALYZER_NONNULL = YES;
				CLANG_ANALYZER_NUMBER_OBJECT_CONVERSION = YES_AGGRESSIVE;
				CLANG_CXX_LANGUAGE_STANDARD = "gnu++14";
				CLANG_CXX_LIBRARY = "libc++";
				CLANG_ENABLE_MODULES = YES;
				CLANG_ENABLE_OBJC_ARC = YES;
				CLANG_ENABLE_OBJC_WEAK = YES;
				CLANG_WARN_BLOCK_CAPTURE_AUTORELEASING = YES;
				CLANG_WARN_BOOL_CONVERSION = YES;
				CLANG_WARN_COMMA = YES;
				CLANG_WARN_CONSTANT_CONVERSION = YES;
				CLANG_WARN_DEPRECATED_OBJC_IMPLEMENTATIONS = YES;
				CLANG_WARN_DIRECT_OBJC_ISA_USAGE = YES_ERROR;
				CLANG_WARN_DOCUMENTATION_COMMENTS = YES;
				CLANG_WARN_EMPTY_BODY = YES;
				CLANG_WARN_ENUM_CONVERSION = YES;
				CLANG_WARN_INFINITE_RECURSION = YES;
				CLANG_WARN_INT_CONVERSION = YES;
				CLANG_WARN_NON_LITERAL_NULL_CONVERSION = YES;
				CLANG_WARN_OBJC_IMPLICIT_RETAIN_SELF = YES;
				CLANG_WARN_OBJC_LITERAL_CONVERSION = YES;
				CLANG_WARN_OBJC_ROOT_CLASS = YES_ERROR;
				CLANG_WARN_RANGE_LOOP_ANALYSIS = YES;
				CLANG_WARN_STRICT_PROTOTYPES = YES;
				CLANG_WARN_SUSPICIOUS_MOVE = YES;
				CLANG_WARN_UNGUARDED_AVAILABILITY = YES_AGGRESSIVE;
				CLANG_WARN_UNREACHABLE_CODE = YES;
				CLANG_WARN__DUPLICATE_METHOD_MATCH = YES;
				CODE_SIGN_IDENTITY = "iPhone Developer";
				COPY_PHASE_STRIP = NO;
				DEBUG_INFORMATION_FORMAT = dwarf;
				ENABLE_STRICT_OBJC_MSGSEND = YES;
				ENABLE_TESTABILITY = YES;
				GCC_C_LANGUAGE_STANDARD = gnu11;
				GCC_DYNAMIC_NO_PIC = NO;
				GCC_NO_COMMON_BLOCKS = YES;
				GCC_OPTIMIZATION_LEVEL = 0;
				GCC_PREPROCESSOR_DEFINITIONS = (
					"DEBUG=1",
					"$(inherited)",
				);
				GCC_WARN_64_TO_32_BIT_CONVERSION = YES;
				GCC_WARN_ABOUT_RETURN_TYPE = YES_ERROR;
				GCC_WARN_UNDECLARED_SELECTOR = YES;
				GCC_WARN_UNINITIALIZED_AUTOS = YES_AGGRESSIVE;
				GCC_WARN_UNUSED_FUNCTION = YES;
				GCC_WARN_UNUSED_VARIABLE = YES;
				IPHONEOS_DEPLOYMENT_TARGET = 12.0;
				MTL_ENABLE_DEBUG_INFO = INCLUDE_SOURCE;
				MTL_FAST_MATH = YES;
				ONLY_ACTIVE_ARCH = YES;
				SDKROOT = iphoneos;
				SWIFT_ACTIVE_COMPILATION_CONDITIONS = DEBUG;
				SWIFT_OPTIMIZATION_LEVEL = "-Onone";
			};
			name = Debug;
		};
		711F2308212A38C900C286A8 /* Release */ = {
			isa = XCBuildConfiguration;
			buildSettings = {
				ALWAYS_SEARCH_USER_PATHS = NO;
				CLANG_ANALYZER_NONNULL = YES;
				CLANG_ANALYZER_NUMBER_OBJECT_CONVERSION = YES_AGGRESSIVE;
				CLANG_CXX_LANGUAGE_STANDARD = "gnu++14";
				CLANG_CXX_LIBRARY = "libc++";
				CLANG_ENABLE_MODULES = YES;
				CLANG_ENABLE_OBJC_ARC = YES;
				CLANG_ENABLE_OBJC_WEAK = YES;
				CLANG_WARN_BLOCK_CAPTURE_AUTORELEASING = YES;
				CLANG_WARN_BOOL_CONVERSION = YES;
				CLANG_WARN_COMMA = YES;
				CLANG_WARN_CONSTANT_CONVERSION = YES;
				CLANG_WARN_DEPRECATED_OBJC_IMPLEMENTATIONS = YES;
				CLANG_WARN_DIRECT_OBJC_ISA_USAGE = YES_ERROR;
				CLANG_WARN_DOCUMENTATION_COMMENTS = YES;
				CLANG_WARN_EMPTY_BODY = YES;
				CLANG_WARN_ENUM_CONVERSION = YES;
				CLANG_WARN_INFINITE_RECURSION = YES;
				CLANG_WARN_INT_CONVERSION = YES;
				CLANG_WARN_NON_LITERAL_NULL_CONVERSION = YES;
				CLANG_WARN_OBJC_IMPLICIT_RETAIN_SELF = YES;
				CLANG_WARN_OBJC_LITERAL_CONVERSION = YES;
				CLANG_WARN_OBJC_ROOT_CLASS = YES_ERROR;
				CLANG_WARN_RANGE_LOOP_ANALYSIS = YES;
				CLANG_WARN_STRICT_PROTOTYPES = YES;
				CLANG_WARN_SUSPICIOUS_MOVE = YES;
				CLANG_WARN_UNGUARDED_AVAILABILITY = YES_AGGRESSIVE;
				CLANG_WARN_UNREACHABLE_CODE = YES;
				CLANG_WARN__DUPLICATE_METHOD_MATCH = YES;
				CODE_SIGN_IDENTITY = "iPhone Developer";
				COPY_PHASE_STRIP = NO;
				DEBUG_INFORMATION_FORMAT = "dwarf-with-dsym";
				ENABLE_NS_ASSERTIONS = NO;
				ENABLE_STRICT_OBJC_MSGSEND = YES;
				GCC_C_LANGUAGE_STANDARD = gnu11;
				GCC_NO_COMMON_BLOCKS = YES;
				GCC_WARN_64_TO_32_BIT_CONVERSION = YES;
				GCC_WARN_ABOUT_RETURN_TYPE = YES_ERROR;
				GCC_WARN_UNDECLARED_SELECTOR = YES;
				GCC_WARN_UNINITIALIZED_AUTOS = YES_AGGRESSIVE;
				GCC_WARN_UNUSED_FUNCTION = YES;
				GCC_WARN_UNUSED_VARIABLE = YES;
				IPHONEOS_DEPLOYMENT_TARGET = 12.0;
				MTL_ENABLE_DEBUG_INFO = NO;
				MTL_FAST_MATH = YES;
				SDKROOT = iphoneos;
				SWIFT_COMPILATION_MODE = wholemodule;
				SWIFT_OPTIMIZATION_LEVEL = "-O";
				VALIDATE_PRODUCT = YES;
			};
			name = Release;
		};
		711F230A212A38C900C286A8 /* Debug */ = {
			isa = XCBuildConfiguration;
			baseConfigurationReference = F8F0DBDE8F65C69F9928438A /* Pods-FruitSalad.debug.xcconfig */;
			buildSettings = {
				ASSETCATALOG_COMPILER_APPICON_NAME = AppIcon;
				CODE_SIGN_STYLE = Automatic;
				DEVELOPMENT_TEAM = CGM4Q7UPTM;
				ENABLE_BITCODE = YES;
				INFOPLIST_FILE = FruitSalad/Info.plist;
				LD_RUNPATH_SEARCH_PATHS = (
					"$(inherited)",
					"@executable_path/Frameworks",
				);
				PRODUCT_BUNDLE_IDENTIFIER = com.bonrock.Dog;
				PRODUCT_NAME = FruitVeg;
				SWIFT_VERSION = 4.2;
				TARGETED_DEVICE_FAMILY = "1,2";
			};
			name = Debug;
		};
		711F230B212A38C900C286A8 /* Release */ = {
			isa = XCBuildConfiguration;
			baseConfigurationReference = 0363868317D33C70D708D728 /* Pods-FruitSalad.release.xcconfig */;
			buildSettings = {
				ASSETCATALOG_COMPILER_APPICON_NAME = AppIcon;
				CODE_SIGN_STYLE = Automatic;
				DEVELOPMENT_TEAM = CGM4Q7UPTM;
				ENABLE_BITCODE = YES;
				INFOPLIST_FILE = FruitSalad/Info.plist;
				LD_RUNPATH_SEARCH_PATHS = (
					"$(inherited)",
					"@executable_path/Frameworks",
				);
				PRODUCT_BUNDLE_IDENTIFIER = com.bonrock.Dog;
				PRODUCT_NAME = FruitVeg;
				SWIFT_VERSION = 4.2;
				TARGETED_DEVICE_FAMILY = "1,2";
			};
			name = Release;
		};
/* End XCBuildConfiguration section */

/* Begin XCConfigurationList section */
		711F22F2212A38C700C286A8 /* Build configuration list for PBXProject "FruitSalad" */ = {
			isa = XCConfigurationList;
			buildConfigurations = (
				711F2307212A38C900C286A8 /* Debug */,
				711F2308212A38C900C286A8 /* Release */,
			);
			defaultConfigurationIsVisible = 0;
			defaultConfigurationName = Release;
		};
		711F2309212A38C900C286A8 /* Build configuration list for PBXNativeTarget "FruitSalad" */ = {
			isa = XCConfigurationList;
			buildConfigurations = (
				711F230A212A38C900C286A8 /* Debug */,
				711F230B212A38C900C286A8 /* Release */,
			);
			defaultConfigurationIsVisible = 0;
			defaultConfigurationName = Release;
		};
/* End XCConfigurationList section */
	};
	rootObject = 711F22EF212A38C700C286A8 /* Project object */;
}
